
Microsoft Visual Studio Solution File, Format Version 12.00
# Visual Studio 2012
Project("{FAE04EC0-301F-11D3-BF4B-00C04F79EFBC}") = "AH.OPD", "AH.OPD.csproj", "{53DCA937-66F6-4E81-9451-D8AB497EF341}"
EndProject
Global
	GlobalSection(SolutionConfigurationPlatforms) = preSolution
		Debug|Any CPU = Debug|Any CPU
		Release|Any CPU = Release|Any CPU
	EndGlobalSection
	GlobalSection(ProjectConfigurationPlatforms) = postSolution
		{53DCA937-66F6-4E81-9451-D8AB497EF341}.Debug|Any CPU.ActiveCfg = Debug|Any CPU
		{53DCA937-66F6-4E81-9451-D8AB497EF341}.Debug|Any CPU.Build.0 = Debug|Any CPU
		{53DCA937-66F6-4E81-9451-D8AB497EF341}.Release|Any CPU.ActiveCfg = Release|Any CPU
		{53DCA937-66F6-4E81-9451-D8AB497EF341}.Release|Any CPU.Build.0 = Release|Any CPU
	EndGlobalSection
	GlobalSection(SolutionProperties) = preSolution
		HideSolutionNode = FALSE
	EndGlobalSection
EndGlobal
